
Microsoft Visual Studio Solution File, Format Version 12.00
# Visual Studio Version 17
VisualStudioVersion = 17.5.002.0
MinimumVisualStudioVersion = 10.0.40219.1
Project("{9A19103F-16F7-4668-BE54-9A1E7A4F7556}") = "WebApplication1", "WebApplication1.csproj", "{54A12560-23D6-40CE-9B21-F5B1FB337876}"
EndProject
Global
	GlobalSection(SolutionConfigurationPlatforms) = preSolution
		Debug|Any CPU = Debug|Any CPU
		Release|Any CPU = Release|Any CPU
	EndGlobalSection
	GlobalSection(ProjectConfigurationPlatforms) = postSolution
		{54A12560-23D6-40CE-9B21-F5B1FB337876}.Debug|Any CPU.ActiveCfg = Debug|Any CPU
		{54A12560-23D6-40CE-9B21-F5B1FB337876}.Debug|Any CPU.Build.0 = Debug|Any CPU
		{54A12560-23D6-40CE-9B21-F5B1FB337876}.Release|Any CPU.ActiveCfg = Release|Any CPU
		{54A12560-23D6-40CE-9B21-F5B1FB337876}.Release|Any CPU.Build.0 = Release|Any CPU
	EndGlobalSection
	GlobalSection(SolutionProperties) = preSolution
		HideSolutionNode = FALSE
	EndGlobalSection
	GlobalSection(ExtensibilityGlobals) = postSolution
		SolutionGuid = {300C9CD6-DEB8-4576-B288-F1CEF6BBD02E}
	EndGlobalSection
EndGlobal
